
Microsoft Visual Studio Solution File, Format Version 12.00
# Visual Studio Version 16
VisualStudioVersion = 16.0.31911.196
MinimumVisualStudioVersion = 10.0.40219.1
Project("{9A19103F-16F7-4668-BE54-9A1E7A4F7556}") = "SerilogRelk", "SerilogRelk\SerilogRelk.csproj", "{DD13333C-D010-499D-AE86-61B833BFF259}"
EndProject
Global
	GlobalSection(SolutionConfigurationPlatforms) = preSolution
		Debug|Any CPU = Debug|Any CPU
		Release|Any CPU = Release|Any CPU
	EndGlobalSection
	GlobalSection(ProjectConfigurationPlatforms) = postSolution
		{DD13333C-D010-499D-AE86-61B833BFF259}.Debug|Any CPU.ActiveCfg = Debug|Any CPU
		{DD13333C-D010-499D-AE86-61B833BFF259}.Debug|Any CPU.Build.0 = Debug|Any CPU
		{DD13333C-D010-499D-AE86-61B833BFF259}.Release|Any CPU.ActiveCfg = Release|Any CPU
		{DD13333C-D010-499D-AE86-61B833BFF259}.Release|Any CPU.Build.0 = Release|Any CPU
	EndGlobalSection
	GlobalSection(SolutionProperties) = preSolution
		HideSolutionNode = FALSE
	EndGlobalSection
	GlobalSection(ExtensibilityGlobals) = postSolution
		SolutionGuid = {ABE930E7-DDA6-42FE-B42C-6398DC2FE070}
	EndGlobalSection
EndGlobal
